// !$*UTF8*$!
{
	archiveVersion = 1;
	classes = {
	};
	objectVersion = 55;
	objects = {

/* Begin PBXBuildFile section */
		8E109B7F5B7C59062C85668A /* Pods_cafe.framework in Frameworks */ = {isa = PBXBuildFile; fileRef = AF511004E37C302A22A2172F /* Pods_cafe.framework */; };
		E49C0F0627BB7F1800DD5ECA /* AppDelegate.swift in Sources */ = {isa = PBXBuildFile; fileRef = E49C0F0527BB7F1800DD5ECA /* AppDelegate.swift */; };
		E49C0F0827BB7F1800DD5ECA /* SceneDelegate.swift in Sources */ = {isa = PBXBuildFile; fileRef = E49C0F0727BB7F1800DD5ECA /* SceneDelegate.swift */; };
		E49C0F0A27BB7F1800DD5ECA /* ViewController.swift in Sources */ = {isa = PBXBuildFile; fileRef = E49C0F0927BB7F1800DD5ECA /* ViewController.swift */; };
		E49C0F0D27BB7F1800DD5ECA /* Main.storyboard in Resources */ = {isa = PBXBuildFile; fileRef = E49C0F0B27BB7F1800DD5ECA /* Main.storyboard */; };
		E49C0F0F27BB7F2000DD5ECA /* Assets.xcassets in Resources */ = {isa = PBXBuildFile; fileRef = E49C0F0E27BB7F2000DD5ECA /* Assets.xcassets */; };
		E49C0F1227BB7F2000DD5ECA /* LaunchScreen.storyboard in Resources */ = {isa = PBXBuildFile; fileRef = E49C0F1027BB7F2000DD5ECA /* LaunchScreen.storyboard */; };
		E49C0F1A27BB80E500DD5ECA /* NameCafeCell.swift in Sources */ = {isa = PBXBuildFile; fileRef = E49C0F1927BB80E500DD5ECA /* NameCafeCell.swift */; };
		E49C0F1C27BB82A200DD5ECA /* CafeModule.swift in Sources */ = {isa = PBXBuildFile; fileRef = E49C0F1B27BB82A200DD5ECA /* CafeModule.swift */; };
		E49C0F1E27BBC43A00DD5ECA /* SaleCell.swift in Sources */ = {isa = PBXBuildFile; fileRef = E49C0F1D27BBC43A00DD5ECA /* SaleCell.swift */; };
/* End PBXBuildFile section */

/* Begin PBXFileReference section */
		0201C3C685D9D9BCE8E4545A /* Pods-cafe.release.xcconfig */ = {isa = PBXFileReference; includeInIndex = 1; lastKnownFileType = text.xcconfig; name = "Pods-cafe.release.xcconfig"; path = "Target Support Files/Pods-cafe/Pods-cafe.release.xcconfig"; sourceTree = "<group>"; };
		53593FE38BDAFF0AA1A1F07A /* Pods-cafe.debug.xcconfig */ = {isa = PBXFileReference; includeInIndex = 1; lastKnownFileType = text.xcconfig; name = "Pods-cafe.debug.xcconfig"; path = "Target Support Files/Pods-cafe/Pods-cafe.debug.xcconfig"; sourceTree = "<group>"; };
		AF511004E37C302A22A2172F /* Pods_cafe.framework */ = {isa = PBXFileReference; explicitFileType = wrapper.framework; includeInIndex = 0; path = Pods_cafe.framework; sourceTree = BUILT_PRODUCTS_DIR; };
		E49C0F0227BB7F1800DD5ECA /* cafe.app */ = {isa = PBXFileReference; explicitFileType = wrapper.application; includeInIndex = 0; path = cafe.app; sourceTree = BUILT_PRODUCTS_DIR; };
		E49C0F0527BB7F1800DD5ECA /* AppDelegate.swift */ = {isa = PBXFileReference; lastKnownFileType = sourcecode.swift; path = AppDelegate.swift; sourceTree = "<group>"; };
		E49C0F0727BB7F1800DD5ECA /* SceneDelegate.swift */ = {isa = PBXFileReference; lastKnownFileType = sourcecode.swift; path = SceneDelegate.swift; sourceTree = "<group>"; };
		E49C0F0927BB7F1800DD5ECA /* ViewController.swift */ = {isa = PBXFileReference; lastKnownFileType = sourcecode.swift; path = ViewController.swift; sourceTree = "<group>"; };
		E49C0F0C27BB7F1800DD5ECA /* Base */ = {isa = PBXFileReference; lastKnownFileType = file.storyboard; name = Base; path = Base.lproj/Main.storyboard; sourceTree = "<group>"; };
		E49C0F0E27BB7F2000DD5ECA /* Assets.xcassets */ = {isa = PBXFileReference; lastKnownFileType = folder.assetcatalog; path = Assets.xcassets; sourceTree = "<group>"; };
		E49C0F1127BB7F2000DD5ECA /* Base */ = {isa = PBXFileReference; lastKnownFileType = file.storyboard; name = Base; path = Base.lproj/LaunchScreen.storyboard; sourceTree = "<group>"; };
		E49C0F1327BB7F2000DD5ECA /* Info.plist */ = {isa = PBXFileReference; lastKnownFileType = text.plist.xml; path = Info.plist; sourceTree = "<group>"; };
		E49C0F1927BB80E500DD5ECA /* NameCafeCell.swift */ = {isa = PBXFileReference; lastKnownFileType = sourcecode.swift; path = NameCafeCell.swift; sourceTree = "<group>"; };
		E49C0F1B27BB82A200DD5ECA /* CafeModule.swift */ = {isa = PBXFileReference; lastKnownFileType = sourcecode.swift; path = CafeModule.swift; sourceTree = "<group>"; };
		E49C0F1D27BBC43A00DD5ECA /* SaleCell.swift */ = {isa = PBXFileReference; lastKnownFileType = sourcecode.swift; path = SaleCell.swift; sourceTree = "<group>"; };
/* End PBXFileReference section */

/* Begin PBXFrameworksBuildPhase section */
		E49C0EFF27BB7F1800DD5ECA /* Frameworks */ = {
			isa = PBXFrameworksBuildPhase;
			buildActionMask = 2147483647;
			files = (
				8E109B7F5B7C59062C85668A /* Pods_cafe.framework in Frameworks */,
			);
			runOnlyForDeploymentPostprocessing = 0;
		};
/* End PBXFrameworksBuildPhase section */

/* Begin PBXGroup section */
		C84DCE987124F172D6FFC121 /* Frameworks */ = {
			isa = PBXGroup;
			children = (
				AF511004E37C302A22A2172F /* Pods_cafe.framework */,
			);
			name = Frameworks;
			sourceTree = "<group>";
		};
		DB1D35481309FCFA53DE1A46 /* Pods */ = {
			isa = PBXGroup;
			children = (
				53593FE38BDAFF0AA1A1F07A /* Pods-cafe.debug.xcconfig */,
				0201C3C685D9D9BCE8E4545A /* Pods-cafe.release.xcconfig */,
			);
			path = Pods;
			sourceTree = "<group>";
		};
		E49C0EF927BB7F1800DD5ECA = {
			isa = PBXGroup;
			children = (
				E49C0F0427BB7F1800DD5ECA /* cafe */,
				E49C0F0327BB7F1800DD5ECA /* Products */,
				DB1D35481309FCFA53DE1A46 /* Pods */,
				C84DCE987124F172D6FFC121 /* Frameworks */,
			);
			sourceTree = "<group>";
		};
		E49C0F0327BB7F1800DD5ECA /* Products */ = {
			isa = PBXGroup;
			children = (
				E49C0F0227BB7F1800DD5ECA /* cafe.app */,
			);
			name = Products;
			sourceTree = "<group>";
		};
		E49C0F0427BB7F1800DD5ECA /* cafe */ = {
			isa = PBXGroup;
			children = (
				E49C0F0527BB7F1800DD5ECA /* AppDelegate.swift */,
				E49C0F0727BB7F1800DD5ECA /* SceneDelegate.swift */,
				E49C0F0927BB7F1800DD5ECA /* ViewController.swift */,
				E49C0F0B27BB7F1800DD5ECA /* Main.storyboard */,
				E49C0F0E27BB7F2000DD5ECA /* Assets.xcassets */,
				E49C0F1027BB7F2000DD5ECA /* LaunchScreen.storyboard */,
				E49C0F1327BB7F2000DD5ECA /* Info.plist */,
				E49C0F1927BB80E500DD5ECA /* NameCafeCell.swift */,
				E49C0F1B27BB82A200DD5ECA /* CafeModule.swift */,
				E49C0F1D27BBC43A00DD5ECA /* SaleCell.swift */,
			);
			path = cafe;
			sourceTree = "<group>";
		};
/* End PBXGroup section */

/* Begin PBXNativeTarget section */
		E49C0F0127BB7F1800DD5ECA /* cafe */ = {
			isa = PBXNativeTarget;
			buildConfigurationList = E49C0F1627BB7F2000DD5ECA /* Build configuration list for PBXNativeTarget "cafe" */;
			buildPhases = (
				675815C024C6E3653A5AB423 /* [CP] Check Pods Manifest.lock */,
				E49C0EFE27BB7F1800DD5ECA /* Sources */,
				E49C0EFF27BB7F1800DD5ECA /* Frameworks */,
				E49C0F0027BB7F1800DD5ECA /* Resources */,
				28008136923A71640824A4BE /* [CP] Embed Pods Frameworks */,
			);
			buildRules = (
			);
			dependencies = (
			);
			name = cafe;
			productName = cafe;
			productReference = E49C0F0227BB7F1800DD5ECA /* cafe.app */;
			productType = "com.apple.product-type.application";
		};
/* End PBXNativeTarget section */

/* Begin PBXProject section */
		E49C0EFA27BB7F1800DD5ECA /* Project object */ = {
			isa = PBXProject;
			attributes = {
				BuildIndependentTargetsInParallel = 1;
				LastSwiftUpdateCheck = 1320;
				LastUpgradeCheck = 1320;
				TargetAttributes = {
					E49C0F0127BB7F1800DD5ECA = {
						CreatedOnToolsVersion = 13.2.1;
					};
				};
			};
			buildConfigurationList = E49C0EFD27BB7F1800DD5ECA /* Build configuration list for PBXProject "cafe" */;
			compatibilityVersion = "Xcode 13.0";
			developmentRegion = en;
			hasScannedForEncodings = 0;
			knownRegions = (
				en,
				Base,
			);
			mainGroup = E49C0EF927BB7F1800DD5ECA;
			productRefGroup = E49C0F0327BB7F1800DD5ECA /* Products */;
			projectDirPath = "";
			projectRoot = "";
			targets = (
				E49C0F0127BB7F1800DD5ECA /* cafe */,
			);
		};
/* End PBXProject section */

/* Begin PBXResourcesBuildPhase section */
		E49C0F0027BB7F1800DD5ECA /* Resources */ = {
			isa = PBXResourcesBuildPhase;
			buildActionMask = 2147483647;
			files = (
				E49C0F1227BB7F2000DD5ECA /* LaunchScreen.storyboard in Resources */,
				E49C0F0F27BB7F2000DD5ECA /* Assets.xcassets in Resources */,
				E49C0F0D27BB7F1800DD5ECA /* Main.storyboard in Resources */,
			);
			runOnlyForDeploymentPostprocessing = 0;
		};
/* End PBXResourcesBuildPhase section */

/* Begin PBXShellScriptBuildPhase section */
		28008136923A71640824A4BE /* [CP] Embed Pods Frameworks */ = {
			isa = PBXShellScriptBuildPhase;
			buildActionMask = 2147483647;
			files = (
			);
			inputFileListPaths = (
				"${PODS_ROOT}/Target Support Files/Pods-cafe/Pods-cafe-frameworks-${CONFIGURATION}-input-files.xcfilelist",
			);
			name = "[CP] Embed Pods Frameworks";
			outputFileListPaths = (
				"${PODS_ROOT}/Target Support Files/Pods-cafe/Pods-cafe-frameworks-${CONFIGURATION}-output-files.xcfilelist",
			);
			runOnlyForDeploymentPostprocessing = 0;
			shellPath = /bin/sh;
			shellScript = "\"${PODS_ROOT}/Target Support Files/Pods-cafe/Pods-cafe-frameworks.sh\"\n";
			showEnvVarsInLog = 0;
		};
		675815C024C6E3653A5AB423 /* [CP] Check Pods Manifest.lock */ = {
			isa = PBXShellScriptBuildPhase;
			buildActionMask = 2147483647;
			files = (
			);
			inputFileListPaths = (
			);
			inputPaths = (
				"${PODS_PODFILE_DIR_PATH}/Podfile.lock",
				"${PODS_ROOT}/Manifest.lock",
			);
			name = "[CP] Check Pods Manifest.lock";
			outputFileListPaths = (
			);
			outputPaths = (
				"$(DERIVED_FILE_DIR)/Pods-cafe-checkManifestLockResult.txt",
			);
			runOnlyForDeploymentPostprocessing = 0;
			shellPath = /bin/sh;
			shellScript = "diff \"${PODS_PODFILE_DIR_PATH}/Podfile.lock\" \"${PODS_ROOT}/Manifest.lock\" > /dev/null\nif [ $? != 0 ] ; then\n    # print error to STDERR\n    echo \"error: The sandbox is not in sync with the Podfile.lock. Run 'pod install' or update your CocoaPods installation.\" >&2\n    exit 1\nfi\n# This output is used by Xcode 'outputs' to avoid re-running this script phase.\necho \"SUCCESS\" > \"${SCRIPT_OUTPUT_FILE_0}\"\n";
			showEnvVarsInLog = 0;
		};
/* End PBXShellScriptBuildPhase section */

/* Begin PBXSourcesBuildPhase section */
		E49C0EFE27BB7F1800DD5ECA /* Sources */ = {
			isa = PBXSourcesBuildPhase;
			buildActionMask = 2147483647;
			files = (
				E49C0F1C27BB82A200DD5ECA /* CafeModule.swift in Sources */,
				E49C0F0A27BB7F1800DD5ECA /* ViewController.swift in Sources */,
				E49C0F1A27BB80E500DD5ECA /* NameCafeCell.swift in Sources */,
				E49C0F0627BB7F1800DD5ECA /* AppDelegate.swift in Sources */,
				E49C0F1E27BBC43A00DD5ECA /* SaleCell.swift in Sources */,
				E49C0F0827BB7F1800DD5ECA /* SceneDelegate.swift in Sources */,
			);
			runOnlyForDeploymentPostprocessing = 0;
		};
/* End PBXSourcesBuildPhase section */

/* Begin PBXVariantGroup section */
		E49C0F0B27BB7F1800DD5ECA /* Main.storyboard */ = {
			isa = PBXVariantGroup;
			children = (
				E49C0F0C27BB7F1800DD5ECA /* Base */,
			);
			name = Main.storyboard;
			sourceTree = "<group>";
		};
		E49C0F1027BB7F2000DD5ECA /* LaunchScreen.storyboard */ = {
			isa = PBXVariantGroup;
			children = (
				E49C0F1127BB7F2000DD5ECA /* Base */,
			);
			name = LaunchScreen.storyboard;
			sourceTree = "<group>";
		};
/* End PBXVariantGroup section */

/* Begin XCBuildConfiguration section */
		E49C0F1427BB7F2000DD5ECA /* Debug */ = {
			isa = XCBuildConfiguration;
			buildSettings = {
				ALWAYS_SEARCH_USER_PATHS = NO;
				CLANG_ANALYZER_NONNULL = YES;
				CLANG_ANALYZER_NUMBER_OBJECT_CONVERSION = YES_AGGRESSIVE;
				CLANG_CXX_LANGUAGE_STANDARD = "gnu++17";
				CLANG_CXX_LIBRARY = "libc++";
				CLANG_ENABLE_MODULES = YES;
				CLANG_ENABLE_OBJC_ARC = YES;
				CLANG_ENABLE_OBJC_WEAK = YES;
				CLANG_WARN_BLOCK_CAPTURE_AUTORELEASING = YES;
				CLANG_WARN_BOOL_CONVERSION = YES;
				CLANG_WARN_COMMA = YES;
				CLANG_WARN_CONSTANT_CONVERSION = YES;
				CLANG_WARN_DEPRECATED_OBJC_IMPLEMENTATIONS = YES;
				CLANG_WARN_DIRECT_OBJC_ISA_USAGE = YES_ERROR;
				CLANG_WARN_DOCUMENTATION_COMMENTS = YES;
				CLANG_WARN_EMPTY_BODY = YES;
				CLANG_WARN_ENUM_CONVERSION = YES;
				CLANG_WARN_INFINITE_RECURSION = YES;
				CLANG_WARN_INT_CONVERSION = YES;
				CLANG_WARN_NON_LITERAL_NULL_CONVERSION = YES;
				CLANG_WARN_OBJC_IMPLICIT_RETAIN_SELF = YES;
				CLANG_WARN_OBJC_LITERAL_CONVERSION = YES;
				CLANG_WARN_OBJC_ROOT_CLASS = YES_ERROR;
				CLANG_WARN_QUOTED_INCLUDE_IN_FRAMEWORK_HEADER = YES;
				CLANG_WARN_RANGE_LOOP_ANALYSIS = YES;
				CLANG_WARN_STRICT_PROTOTYPES = YES;
				CLANG_WARN_SUSPICIOUS_MOVE = YES;
				CLANG_WARN_UNGUARDED_AVAILABILITY = YES_AGGRESSIVE;
				CLANG_WARN_UNREACHABLE_CODE = YES;
				CLANG_WARN__DUPLICATE_METHOD_MATCH = YES;
				COPY_PHASE_STRIP = NO;
				DEBUG_INFORMATION_FORMAT = dwarf;
				ENABLE_STRICT_OBJC_MSGSEND = YES;
				ENABLE_TESTABILITY = YES;
				GCC_C_LANGUAGE_STANDARD = gnu11;
				GCC_DYNAMIC_NO_PIC = NO;
				GCC_NO_COMMON_BLOCKS = YES;
				GCC_OPTIMIZATION_LEVEL = 0;
				GCC_PREPROCESSOR_DEFINITIONS = (
					"DEBUG=1",
					"$(inherited)",
				);
				GCC_WARN_64_TO_32_BIT_CONVERSION = YES;
				GCC_WARN_ABOUT_RETURN_TYPE = YES_ERROR;
				GCC_WARN_UNDECLARED_SELECTOR = YES;
				GCC_WARN_UNINITIALIZED_AUTOS = YES_AGGRESSIVE;
				GCC_WARN_UNUSED_FUNCTION = YES;
				GCC_WARN_UNUSED_VARIABLE = YES;
				IPHONEOS_DEPLOYMENT_TARGET = 15.2;
				MTL_ENABLE_DEBUG_INFO = INCLUDE_SOURCE;
				MTL_FAST_MATH = YES;
				ONLY_ACTIVE_ARCH = YES;
				SDKROOT = iphoneos;
				SWIFT_ACTIVE_COMPILATION_CONDITIONS = DEBUG;
				SWIFT_OPTIMIZATION_LEVEL = "-Onone";
			};
			name = Debug;
		};
		E49C0F1527BB7F2000DD5ECA /* Release */ = {
			isa = XCBuildConfiguration;
			buildSettings = {
				ALWAYS_SEARCH_USER_PATHS = NO;
				CLANG_ANALYZER_NONNULL = YES;
				CLANG_ANALYZER_NUMBER_OBJECT_CONVERSION = YES_AGGRESSIVE;
				CLANG_CXX_LANGUAGE_STANDARD = "gnu++17";
				CLANG_CXX_LIBRARY = "libc++";
				CLANG_ENABLE_MODULES = YES;
				CLANG_ENABLE_OBJC_ARC = YES;
				CLANG_ENABLE_OBJC_WEAK = YES;
				CLANG_WARN_BLOCK_CAPTURE_AUTORELEASING = YES;
				CLANG_WARN_BOOL_CONVERSION = YES;
				CLANG_WARN_COMMA = YES;
				CLANG_WARN_CONSTANT_CONVERSION = YES;
				CLANG_WARN_DEPRECATED_OBJC_IMPLEMENTATIONS = YES;
				CLANG_WARN_DIRECT_OBJC_ISA_USAGE = YES_ERROR;
				CLANG_WARN_DOCUMENTATION_COMMENTS = YES;
				CLANG_WARN_EMPTY_BODY = YES;
				CLANG_WARN_ENUM_CONVERSION = YES;
				CLANG_WARN_INFINITE_RECURSION = YES;
				CLANG_WARN_INT_CONVERSION = YES;
				CLANG_WARN_NON_LITERAL_NULL_CONVERSION = YES;
				CLANG_WARN_OBJC_IMPLICIT_RETAIN_SELF = YES;
				CLANG_WARN_OBJC_LITERAL_CONVERSION = YES;
				CLANG_WARN_OBJC_ROOT_CLASS = YES_ERROR;
				CLANG_WARN_QUOTED_INCLUDE_IN_FRAMEWORK_HEADER = YES;
				CLANG_WARN_RANGE_LOOP_ANALYSIS = YES;
				CLANG_WARN_STRICT_PROTOTYPES = YES;
				CLANG_WARN_SUSPICIOUS_MOVE = YES;
				CLANG_WARN_UNGUARDED_AVAILABILITY = YES_AGGRESSIVE;
				CLANG_WARN_UNREACHABLE_CODE = YES;
				CLANG_WARN__DUPLICATE_METHOD_MATCH = YES;
				COPY_PHASE_STRIP = NO;
				DEBUG_INFORMATION_FORMAT = "dwarf-with-dsym";
				ENABLE_NS_ASSERTIONS = NO;
				ENABLE_STRICT_OBJC_MSGSEND = YES;
				GCC_C_LANGUAGE_STANDARD = gnu11;
				GCC_NO_COMMON_BLOCKS = YES;
				GCC_WARN_64_TO_32_BIT_CONVERSION = YES;
				GCC_WARN_ABOUT_RETURN_TYPE = YES_ERROR;
				GCC_WARN_UNDECLARED_SELECTOR = YES;
				GCC_WARN_UNINITIALIZED_AUTOS = YES_AGGRESSIVE;
				GCC_WARN_UNUSED_FUNCTION = YES;
				GCC_WARN_UNUSED_VARIABLE = YES;
				IPHONEOS_DEPLOYMENT_TARGET = 15.2;
				MTL_ENABLE_DEBUG_INFO = NO;
				MTL_FAST_MATH = YES;
				SDKROOT = iphoneos;
				SWIFT_COMPILATION_MODE = wholemodule;
				SWIFT_OPTIMIZATION_LEVEL = "-O";
				VALIDATE_PRODUCT = YES;
			};
			name = Release;
		};
		E49C0F1727BB7F2000DD5ECA /* Debug */ = {
			isa = XCBuildConfiguration;
			baseConfigurationReference = 53593FE38BDAFF0AA1A1F07A /* Pods-cafe.debug.xcconfig */;
			buildSettings = {
				ASSETCATALOG_COMPILER_APPICON_NAME = AppIcon;
				ASSETCATALOG_COMPILER_GLOBAL_ACCENT_COLOR_NAME = AccentColor;
				CODE_SIGN_STYLE = Automatic;
				CURRENT_PROJECT_VERSION = 1;
				DEVELOPMENT_TEAM = DX2TVC7ZR3;
				GENERATE_INFOPLIST_FILE = YES;
				INFOPLIST_FILE = cafe/Info.plist;
				INFOPLIST_KEY_UIApplicationSupportsIndirectInputEvents = YES;
				INFOPLIST_KEY_UILaunchStoryboardName = LaunchScreen;
				INFOPLIST_KEY_UIMainStoryboardFile = Main;
				INFOPLIST_KEY_UISupportedInterfaceOrientations_iPad = "UIInterfaceOrientationPortrait UIInterfaceOrientationPortraitUpsideDown UIInterfaceOrientationLandscapeLeft UIInterfaceOrientationLandscapeRight";
				INFOPLIST_KEY_UISupportedInterfaceOrientations_iPhone = "UIInterfaceOrientationPortrait UIInterfaceOrientationLandscapeLeft UIInterfaceOrientationLandscapeRight";
				LD_RUNPATH_SEARCH_PATHS = (
					"$(inherited)",
					"@executable_path/Frameworks",
				);
				MARKETING_VERSION = 1.0;
				PRODUCT_BUNDLE_IDENTIFIER = kg.kiku.cafe;
				PRODUCT_NAME = "$(TARGET_NAME)";
				SWIFT_EMIT_LOC_STRINGS = YES;
				SWIFT_VERSION = 5.0;
				TARGETED_DEVICE_FAMILY = "1,2";
			};
			name = Debug;
		};
		E49C0F1827BB7F2000DD5ECA /* Release */ = {
			isa = XCBuildConfiguration;
			baseConfigurationReference = 0201C3C685D9D9BCE8E4545A /* Pods-cafe.release.xcconfig */;
			buildSettings = {
				ASSETCATALOG_COMPILER_APPICON_NAME = AppIcon;
				ASSETCATALOG_COMPILER_GLOBAL_ACCENT_COLOR_NAME = AccentColor;
				CODE_SIGN_STYLE = Automatic;
				CURRENT_PROJECT_VERSION = 1;
				DEVELOPMENT_TEAM = DX2TVC7ZR3;
				GENERATE_INFOPLIST_FILE = YES;
				INFOPLIST_FILE = cafe/Info.plist;
				INFOPLIST_KEY_UIApplicationSupportsIndirectInputEvents = YES;
				INFOPLIST_KEY_UILaunchStoryboardName = LaunchScreen;
				INFOPLIST_KEY_UIMainStoryboardFile = Main;
				INFOPLIST_KEY_UISupportedInterfaceOrientations_iPad = "UIInterfaceOrientationPortrait UIInterfaceOrientationPortraitUpsideDown UIInterfaceOrientationLandscapeLeft UIInterfaceOrientationLandscapeRight";
				INFOPLIST_KEY_UISupportedInterfaceOrientations_iPhone = "UIInterfaceOrientationPortrait UIInterfaceOrientationLandscapeLeft UIInterfaceOrientationLandscapeRight";
				LD_RUNPATH_SEARCH_PATHS = (
					"$(inherited)",
					"@executable_path/Frameworks",
				);
				MARKETING_VERSION = 1.0;
				PRODUCT_BUNDLE_IDENTIFIER = kg.kiku.cafe;
				PRODUCT_NAME = "$(TARGET_NAME)";
				SWIFT_EMIT_LOC_STRINGS = YES;
				SWIFT_VERSION = 5.0;
				TARGETED_DEVICE_FAMILY = "1,2";
			};
			name = Release;
		};
/* End XCBuildConfiguration section */

/* Begin XCConfigurationList section */
		E49C0EFD27BB7F1800DD5ECA /* Build configuration list for PBXProject "cafe" */ = {
			isa = XCConfigurationList;
			buildConfigurations = (
				E49C0F1427BB7F2000DD5ECA /* Debug */,
				E49C0F1527BB7F2000DD5ECA /* Release */,
			);
			defaultConfigurationIsVisible = 0;
			defaultConfigurationName = Release;
		};
		E49C0F1627BB7F2000DD5ECA /* Build configuration list for PBXNativeTarget "cafe" */ = {
			isa = XCConfigurationList;
			buildConfigurations = (
				E49C0F1727BB7F2000DD5ECA /* Debug */,
				E49C0F1827BB7F2000DD5ECA /* Release */,
			);
			defaultConfigurationIsVisible = 0;
			defaultConfigurationName = Release;
		};
/* End XCConfigurationList section */
	};
	rootObject = E49C0EFA27BB7F1800DD5ECA /* Project object */;
}
